// !$*UTF8*$!
{
	archiveVersion = 1;
	classes = {
	};
	objectVersion = 77;
	objects = {

/* Begin PBXBuildFile section */
		FA709DF62FB62A2F00D6E176 /* MacOSCleanerApp.swift in Sources */ = {isa = PBXBuildFile; fileRef = FA709DEC2FB62A2F00D6E176 /* MacOSCleanerApp.swift */; };
		FA709DF72FB62A2F00D6E176 /* ContentView.swift in Sources */ = {isa = PBXBuildFile; fileRef = FA709DEB2FB62A2F00D6E176 /* ContentView.swift */; };
		FA709DF82FB62A2F00D6E176 /* Assets.xcassets in Resources */ = {isa = PBXBuildFile; fileRef = FA709DF32FB62A2F00D6E176 /* Assets.xcassets */; };
/* End PBXBuildFile section */

/* Begin PBXContainerItemProxy section */
		FA33CB7E2FB62574003AD49B /* PBXContainerItemProxy */ = {
			isa = PBXContainerItemProxy;
			containerPortal = FA33CB682FB62573003AD49B /* Project object */;
			proxyType = 1;
			remoteGlobalIDString = FA33CB6F2FB62573003AD49B;
			remoteInfo = MacOSCleaner;
		};
		FA33CB882FB62574003AD49B /* PBXContainerItemProxy */ = {
			isa = PBXContainerItemProxy;
			containerPortal = FA33CB682FB62573003AD49B /* Project object */;
			proxyType = 1;
			remoteGlobalIDString = FA33CB6F2FB62573003AD49B;
			remoteInfo = MacOSCleaner;
		};
/* End PBXContainerItemProxy section */

/* Begin PBXFileReference section */
		FA33CB702FB62574003AD49B /* MacOSCleaner.app */ = {isa = PBXFileReference; explicitFileType = wrapper.application; includeInIndex = 0; path = MacOSCleaner.app; sourceTree = BUILT_PRODUCTS_DIR; };
		FA33CB7D2FB62574003AD49B /* MacOSCleanerTests.xctest */ = {isa = PBXFileReference; explicitFileType = wrapper.cfbundle; includeInIndex = 0; path = MacOSCleanerTests.xctest; sourceTree = BUILT_PRODUCTS_DIR; };
		FA33CB872FB62574003AD49B /* MacOSCleanerUITests.xctest */ = {isa = PBXFileReference; explicitFileType = wrapper.cfbundle; includeInIndex = 0; path = MacOSCleanerUITests.xctest; sourceTree = BUILT_PRODUCTS_DIR; };
		FA709DEB2FB62A2F00D6E176 /* ContentView.swift */ = {isa = PBXFileReference; lastKnownFileType = sourcecode.swift; path = ContentView.swift; sourceTree = "<group>"; };
		FA709DEC2FB62A2F00D6E176 /* MacOSCleanerApp.swift */ = {isa = PBXFileReference; lastKnownFileType = sourcecode.swift; path = MacOSCleanerApp.swift; sourceTree = "<group>"; };
		FA709DF32FB62A2F00D6E176 /* Assets.xcassets */ = {isa = PBXFileReference; lastKnownFileType = folder.assetcatalog; path = Assets.xcassets; sourceTree = "<group>"; };
/* End PBXFileReference section */

/* Begin PBXFrameworksBuildPhase section */
		FA33CB6D2FB62573003AD49B /* Frameworks */ = {
			isa = PBXFrameworksBuildPhase;
			buildActionMask = 2147483647;
			files = (
			);
			runOnlyForDeploymentPostprocessing = 0;
		};
		FA33CB7A2FB62574003AD49B /* Frameworks */ = {
			isa = PBXFrameworksBuildPhase;
			buildActionMask = 2147483647;
			files = (
			);
			runOnlyForDeploymentPostprocessing = 0;
		};
		FA33CB842FB62574003AD49B /* Frameworks */ = {
			isa = PBXFrameworksBuildPhase;
			buildActionMask = 2147483647;
			files = (
			);
			runOnlyForDeploymentPostprocessing = 0;
		};
/* End PBXFrameworksBuildPhase section */

/* Begin PBXGroup section */
		FA33CB672FB62573003AD49B = {
			isa = PBXGroup;
			children = (
				FA33CB712FB62574003AD49B /* Products */,
				FA709DED2FB62A2F00D6E176 /* App */,
				FA709DEE2FB62A2F00D6E176 /* Domains */,
				FA709DEF2FB62A2F00D6E176 /* Features */,
				FA709DF02FB62A2F00D6E176 /* Infrastructure */,
				FA709DF12FB62A2F00D6E176 /* Models */,
				FA709DF42FB62A2F00D6E176 /* Resources */,
				FA709DF52FB62A2F00D6E176 /* State */,
			);
			sourceTree = "<group>";
		};
		FA33CB712FB62574003AD49B /* Products */ = {
			isa = PBXGroup;
			children = (
				FA33CB702FB62574003AD49B /* MacOSCleaner.app */,
				FA33CB7D2FB62574003AD49B /* MacOSCleanerTests.xctest */,
				FA33CB872FB62574003AD49B /* MacOSCleanerUITests.xctest */,
			);
			name = Products;
			sourceTree = "<group>";
		};
		FA709DED2FB62A2F00D6E176 /* App */ = {
			isa = PBXGroup;
			children = (
				FA709DEB2FB62A2F00D6E176 /* ContentView.swift */,
				FA709DEC2FB62A2F00D6E176 /* MacOSCleanerApp.swift */,
			);
			path = App;
			sourceTree = "<group>";
		};
		FA709DEE2FB62A2F00D6E176 /* Domains */ = {
			isa = PBXGroup;
			children = (
			);
			path = Domains;
			sourceTree = "<group>";
		};
		FA709DEF2FB62A2F00D6E176 /* Features */ = {
			isa = PBXGroup;
			children = (
			);
			path = Features;
			sourceTree = "<group>";
		};
		FA709DF02FB62A2F00D6E176 /* Infrastructure */ = {
			isa = PBXGroup;
			children = (
			);
			path = Infrastructure;
			sourceTree = "<group>";
		};
		FA709DF12FB62A2F00D6E176 /* Models */ = {
			isa = PBXGroup;
			children = (
			);
			path = Models;
			sourceTree = "<group>";
		};
		FA709DF22FB62A2F00D6E176 /* Scripts */ = {
			isa = PBXGroup;
			children = (
			);
			path = Scripts;
			sourceTree = "<group>";
		};
		FA709DF42FB62A2F00D6E176 /* Resources */ = {
			isa = PBXGroup;
			children = (
				FA709DF22FB62A2F00D6E176 /* Scripts */,
				FA709DF32FB62A2F00D6E176 /* Assets.xcassets */,
			);
			path = Resources;
			sourceTree = "<group>";
		};
		FA709DF52FB62A2F00D6E176 /* State */ = {
			isa = PBXGroup;
			children = (
			);
			path = State;
			sourceTree = "<group>";
		};
/* End PBXGroup section */

/* Begin PBXNativeTarget section */
		FA33CB6F2FB62573003AD49B /* MacOSCleaner */ = {
			isa = PBXNativeTarget;
			buildConfigurationList = FA33CB912FB62574003AD49B /* Build configuration list for PBXNativeTarget "MacOSCleaner" */;
			buildPhases = (
				FA33CB6C2FB62573003AD49B /* Sources */,
				FA33CB6D2FB62573003AD49B /* Frameworks */,
				FA33CB6E2FB62573003AD49B /* Resources */,
			);
			buildRules = (
			);
			dependencies = (
			);
			name = MacOSCleaner;
			packageProductDependencies = (
			);
			productName = MacOSCleaner;
			productReference = FA33CB702FB62574003AD49B /* MacOSCleaner.app */;
			productType = "com.apple.product-type.application";
		};
		FA33CB7C2FB62574003AD49B /* MacOSCleanerTests */ = {
			isa = PBXNativeTarget;
			buildConfigurationList = FA33CB942FB62574003AD49B /* Build configuration list for PBXNativeTarget "MacOSCleanerTests" */;
			buildPhases = (
				FA33CB792FB62574003AD49B /* Sources */,
				FA33CB7A2FB62574003AD49B /* Frameworks */,
				FA33CB7B2FB62574003AD49B /* Resources */,
			);
			buildRules = (
			);
			dependencies = (
				FA33CB7F2FB62574003AD49B /* PBXTargetDependency */,
			);
			name = MacOSCleanerTests;
			packageProductDependencies = (
			);
			productName = MacOSCleanerTests;
			productReference = FA33CB7D2FB62574003AD49B /* MacOSCleanerTests.xctest */;
			productType = "com.apple.product-type.bundle.unit-test";
		};
		FA33CB862FB62574003AD49B /* MacOSCleanerUITests */ = {
			isa = PBXNativeTarget;
			buildConfigurationList = FA33CB972FB62574003AD49B /* Build configuration list for PBXNativeTarget "MacOSCleanerUITests" */;
			buildPhases = (
				FA33CB832FB62574003AD49B /* Sources */,
				FA33CB842FB62574003AD49B /* Frameworks */,
				FA33CB852FB62574003AD49B /* Resources */,
			);
			buildRules = (
			);
			dependencies = (
				FA33CB892FB62574003AD49B /* PBXTargetDependency */,
			);
			name = MacOSCleanerUITests;
			packageProductDependencies = (
			);
			productName = MacOSCleanerUITests;
			productReference = FA33CB872FB62574003AD49B /* MacOSCleanerUITests.xctest */;
			productType = "com.apple.product-type.bundle.ui-testing";
		};
/* End PBXNativeTarget section */

/* Begin PBXProject section */
		FA33CB682FB62573003AD49B /* Project object */ = {
			isa = PBXProject;
			attributes = {
				BuildIndependentTargetsInParallel = 1;
				LastSwiftUpdateCheck = 2650;
				LastUpgradeCheck = 2650;
				TargetAttributes = {
					FA33CB6F2FB62573003AD49B = {
						CreatedOnToolsVersion = 26.5;
					};
					FA33CB7C2FB62574003AD49B = {
						CreatedOnToolsVersion = 26.5;
						TestTargetID = FA33CB6F2FB62573003AD49B;
					};
					FA33CB862FB62574003AD49B = {
						CreatedOnToolsVersion = 26.5;
						TestTargetID = FA33CB6F2FB62573003AD49B;
					};
				};
			};
			buildConfigurationList = FA33CB6B2FB62573003AD49B /* Build configuration list for PBXProject "MacOSCleaner" */;
			developmentRegion = en;
			hasScannedForEncodings = 0;
			knownRegions = (
				en,
				Base,
			);
			mainGroup = FA33CB672FB62573003AD49B;
			minimizedProjectReferenceProxies = 1;
			preferredProjectObjectVersion = 77;
			productRefGroup = FA33CB712FB62574003AD49B /* Products */;
			projectDirPath = "";
			projectRoot = "";
			targets = (
				FA33CB6F2FB62573003AD49B /* MacOSCleaner */,
				FA33CB7C2FB62574003AD49B /* MacOSCleanerTests */,
				FA33CB862FB62574003AD49B /* MacOSCleanerUITests */,
			);
		};
/* End PBXProject section */

/* Begin PBXResourcesBuildPhase section */
		FA33CB6E2FB62573003AD49B /* Resources */ = {
			isa = PBXResourcesBuildPhase;
			buildActionMask = 2147483647;
			files = (
				FA709DF82FB62A2F00D6E176 /* Assets.xcassets in Resources */,
			);
			runOnlyForDeploymentPostprocessing = 0;
		};
		FA33CB7B2FB62574003AD49B /* Resources */ = {
			isa = PBXResourcesBuildPhase;
			buildActionMask = 2147483647;
			files = (
			);
			runOnlyForDeploymentPostprocessing = 0;
		};
		FA33CB852FB62574003AD49B /* Resources */ = {
			isa = PBXResourcesBuildPhase;
			buildActionMask = 2147483647;
			files = (
			);
			runOnlyForDeploymentPostprocessing = 0;
		};
/* End PBXResourcesBuildPhase section */

/* Begin PBXSourcesBuildPhase section */
		FA33CB6C2FB62573003AD49B /* Sources */ = {
			isa = PBXSourcesBuildPhase;
			buildActionMask = 2147483647;
			files = (
				FA709DF62FB62A2F00D6E176 /* MacOSCleanerApp.swift in Sources */,
				FA709DF72FB62A2F00D6E176 /* ContentView.swift in Sources */,
			);
			runOnlyForDeploymentPostprocessing = 0;
		};
		FA33CB792FB62574003AD49B /* Sources */ = {
			isa = PBXSourcesBuildPhase;
			buildActionMask = 2147483647;
			files = (
			);
			runOnlyForDeploymentPostprocessing = 0;
		};
		FA33CB832FB62574003AD49B /* Sources */ = {
			isa = PBXSourcesBuildPhase;
			buildActionMask = 2147483647;
			files = (
			);
			runOnlyForDeploymentPostprocessing = 0;
		};
/* End PBXSourcesBuildPhase section */

/* Begin PBXTargetDependency section */
		FA33CB7F2FB62574003AD49B /* PBXTargetDependency */ = {
			isa = PBXTargetDependency;
			target = FA33CB6F2FB62573003AD49B /* MacOSCleaner */;
			targetProxy = FA33CB7E2FB62574003AD49B /* PBXContainerItemProxy */;
		};
		FA33CB892FB62574003AD49B /* PBXTargetDependency */ = {
			isa = PBXTargetDependency;
			target = FA33CB6F2FB62573003AD49B /* MacOSCleaner */;
			targetProxy = FA33CB882FB62574003AD49B /* PBXContainerItemProxy */;
		};
/* End PBXTargetDependency section */

/* Begin XCBuildConfiguration section */
		FA33CB8F2FB62574003AD49B /* Debug */ = {
			isa = XCBuildConfiguration;
			buildSettings = {
				ALWAYS_SEARCH_USER_PATHS = NO;
				ASSETCATALOG_COMPILER_GENERATE_SWIFT_ASSET_SYMBOL_EXTENSIONS = YES;
				CLANG_ANALYZER_NONNULL = YES;
				CLANG_ANALYZER_NUMBER_OBJECT_CONVERSION = YES_AGGRESSIVE;
				CLANG_CXX_LANGUAGE_STANDARD = "gnu++20";
				CLANG_ENABLE_MODULES = YES;
				CLANG_ENABLE_OBJC_ARC = YES;
				CLANG_ENABLE_OBJC_WEAK = YES;
				CLANG_WARN_BLOCK_CAPTURE_AUTORELEASING = YES;
				CLANG_WARN_BOOL_CONVERSION = YES;
				CLANG_WARN_COMMA = YES;
				CLANG_WARN_CONSTANT_CONVERSION = YES;
				CLANG_WARN_DEPRECATED_OBJC_IMPLEMENTATIONS = YES;
				CLANG_WARN_DIRECT_OBJC_ISA_USAGE = YES_ERROR;
				CLANG_WARN_DOCUMENTATION_COMMENTS = YES;
				CLANG_WARN_EMPTY_BODY = YES;
				CLANG_WARN_ENUM_CONVERSION = YES;
				CLANG_WARN_INFINITE_RECURSION = YES;
				CLANG_WARN_INT_CONVERSION = YES;
				CLANG_WARN_NON_LITERAL_NULL_CONVERSION = YES;
				CLANG_WARN_OBJC_IMPLICIT_RETAIN_SELF = YES;
				CLANG_WARN_OBJC_LITERAL_CONVERSION = YES;
				CLANG_WARN_OBJC_ROOT_CLASS = YES_ERROR;
				CLANG_WARN_QUOTED_INCLUDE_IN_FRAMEWORK_HEADER = YES;
				CLANG_WARN_RANGE_LOOP_ANALYSIS = YES;
				CLANG_WARN_STRICT_PROTOTYPES = YES;
				CLANG_WARN_SUSPICIOUS_MOVE = YES;
				CLANG_WARN_UNGUARDED_AVAILABILITY = YES_AGGRESSIVE;
				CLANG_WARN_UNREACHABLE_CODE = YES;
				CLANG_WARN__DUPLICATE_METHOD_MATCH = YES;
				COPY_PHASE_STRIP = NO;
				DEBUG_INFORMATION_FORMAT = dwarf;
				DEVELOPMENT_TEAM = 467K3HY3K6;
				ENABLE_STRICT_OBJC_MSGSEND = YES;
				ENABLE_TESTABILITY = YES;
				ENABLE_USER_SCRIPT_SANDBOXING = YES;
				GCC_C_LANGUAGE_STANDARD = gnu17;
				GCC_DYNAMIC_NO_PIC = NO;
				GCC_NO_COMMON_BLOCKS = YES;
				GCC_OPTIMIZATION_LEVEL = 0;
				GCC_PREPROCESSOR_DEFINITIONS = (
					"DEBUG=1",
					"$(inherited)",
				);
				GCC_WARN_64_TO_32_BIT_CONVERSION = YES;
				GCC_WARN_ABOUT_RETURN_TYPE = YES_ERROR;
				GCC_WARN_UNDECLARED_SELECTOR = YES;
				GCC_WARN_UNINITIALIZED_AUTOS = YES_AGGRESSIVE;
				GCC_WARN_UNUSED_FUNCTION = YES;
				GCC_WARN_UNUSED_VARIABLE = YES;
				LOCALIZATION_PREFERS_STRING_CATALOGS = YES;
				MACOSX_DEPLOYMENT_TARGET = 26.5;
				MTL_ENABLE_DEBUG_INFO = INCLUDE_SOURCE;
				MTL_FAST_MATH = YES;
				ONLY_ACTIVE_ARCH = YES;
				SDKROOT = macosx;
				SWIFT_ACTIVE_COMPILATION_CONDITIONS = "DEBUG $(inherited)";
				SWIFT_OPTIMIZATION_LEVEL = "-Onone";
			};
			name = Debug;
		};
		FA33CB902FB62574003AD49B /* Release */ = {
			isa = XCBuildConfiguration;
			buildSettings = {
				ALWAYS_SEARCH_USER_PATHS = NO;
				ASSETCATALOG_COMPILER_GENERATE_SWIFT_ASSET_SYMBOL_EXTENSIONS = YES;
				CLANG_ANALYZER_NONNULL = YES;
				CLANG_ANALYZER_NUMBER_OBJECT_CONVERSION = YES_AGGRESSIVE;
				CLANG_CXX_LANGUAGE_STANDARD = "gnu++20";
				CLANG_ENABLE_MODULES = YES;
				CLANG_ENABLE_OBJC_ARC = YES;
				CLANG_ENABLE_OBJC_WEAK = YES;
				CLANG_WARN_BLOCK_CAPTURE_AUTORELEASING = YES;
				CLANG_WARN_BOOL_CONVERSION = YES;
				CLANG_WARN_COMMA = YES;
				CLANG_WARN_CONSTANT_CONVERSION = YES;
				CLANG_WARN_DEPRECATED_OBJC_IMPLEMENTATIONS = YES;
				CLANG_WARN_DIRECT_OBJC_ISA_USAGE = YES_ERROR;
				CLANG_WARN_DOCUMENTATION_COMMENTS = YES;
				CLANG_WARN_EMPTY_BODY = YES;
				CLANG_WARN_ENUM_CONVERSION = YES;
				CLANG_WARN_INFINITE_RECURSION = YES;
				CLANG_WARN_INT_CONVERSION = YES;
				CLANG_WARN_NON_LITERAL_NULL_CONVERSION = YES;
				CLANG_WARN_OBJC_IMPLICIT_RETAIN_SELF = YES;
				CLANG_WARN_OBJC_LITERAL_CONVERSION = YES;
				CLANG_WARN_OBJC_ROOT_CLASS = YES_ERROR;
				CLANG_WARN_QUOTED_INCLUDE_IN_FRAMEWORK_HEADER = YES;
				CLANG_WARN_RANGE_LOOP_ANALYSIS = YES;
				CLANG_WARN_STRICT_PROTOTYPES = YES;
				CLANG_WARN_SUSPICIOUS_MOVE = YES;
				CLANG_WARN_UNGUARDED_AVAILABILITY = YES_AGGRESSIVE;
				CLANG_WARN_UNREACHABLE_CODE = YES;
				CLANG_WARN__DUPLICATE_METHOD_MATCH = YES;
				COPY_PHASE_STRIP = NO;
				DEBUG_INFORMATION_FORMAT = "dwarf-with-dsym";
				DEVELOPMENT_TEAM = 467K3HY3K6;
				ENABLE_NS_ASSERTIONS = NO;
				ENABLE_STRICT_OBJC_MSGSEND = YES;
				ENABLE_USER_SCRIPT_SANDBOXING = YES;
				GCC_C_LANGUAGE_STANDARD = gnu17;
				GCC_NO_COMMON_BLOCKS = YES;
				GCC_WARN_64_TO_32_BIT_CONVERSION = YES;
				GCC_WARN_ABOUT_RETURN_TYPE = YES_ERROR;
				GCC_WARN_UNDECLARED_SELECTOR = YES;
				GCC_WARN_UNINITIALIZED_AUTOS = YES_AGGRESSIVE;
				GCC_WARN_UNUSED_FUNCTION = YES;
				GCC_WARN_UNUSED_VARIABLE = YES;
				LOCALIZATION_PREFERS_STRING_CATALOGS = YES;
				MACOSX_DEPLOYMENT_TARGET = 26.5;
				MTL_ENABLE_DEBUG_INFO = NO;
				MTL_FAST_MATH = YES;
				SDKROOT = macosx;
				SWIFT_COMPILATION_MODE = wholemodule;
			};
			name = Release;
		};
		FA33CB922FB62574003AD49B /* Debug */ = {
			isa = XCBuildConfiguration;
			buildSettings = {
				ASSETCATALOG_COMPILER_APPICON_NAME = AppIcon;
				ASSETCATALOG_COMPILER_GLOBAL_ACCENT_COLOR_NAME = AccentColor;
				CODE_SIGN_STYLE = Automatic;
				COMBINE_HIDPI_IMAGES = YES;
				CURRENT_PROJECT_VERSION = 1;
				DEVELOPMENT_TEAM = 467K3HY3K6;
				ENABLE_APP_SANDBOX = YES;
				ENABLE_HARDENED_RUNTIME = YES;
				ENABLE_PREVIEWS = YES;
				ENABLE_USER_SELECTED_FILES = readonly;
				GENERATE_INFOPLIST_FILE = YES;
				INFOPLIST_KEY_NSHumanReadableCopyright = "";
				LD_RUNPATH_SEARCH_PATHS = (
					"$(inherited)",
					"@executable_path/../Frameworks",
				);
				MARKETING_VERSION = 1.0;
				PRODUCT_BUNDLE_IDENTIFIER = input.MacOSCleaner;
				PRODUCT_NAME = "$(TARGET_NAME)";
				REGISTER_APP_GROUPS = YES;
				STRING_CATALOG_GENERATE_SYMBOLS = YES;
				SWIFT_APPROACHABLE_CONCURRENCY = YES;
				SWIFT_DEFAULT_ACTOR_ISOLATION = MainActor;
				SWIFT_EMIT_LOC_STRINGS = YES;
				SWIFT_UPCOMING_FEATURE_MEMBER_IMPORT_VISIBILITY = YES;
				SWIFT_VERSION = 5.0;
			};
			name = Debug;
		};
		FA33CB932FB62574003AD49B /* Release */ = {
			isa = XCBuildConfiguration;
			buildSettings = {
				ASSETCATALOG_COMPILER_APPICON_NAME = AppIcon;
				ASSETCATALOG_COMPILER_GLOBAL_ACCENT_COLOR_NAME = AccentColor;
				CODE_SIGN_STYLE = Automatic;
				COMBINE_HIDPI_IMAGES = YES;
				CURRENT_PROJECT_VERSION = 1;
				DEVELOPMENT_TEAM = 467K3HY3K6;
				ENABLE_APP_SANDBOX = YES;
				ENABLE_HARDENED_RUNTIME = YES;
				ENABLE_PREVIEWS = YES;
				ENABLE_USER_SELECTED_FILES = readonly;
				GENERATE_INFOPLIST_FILE = YES;
				INFOPLIST_KEY_NSHumanReadableCopyright = "";
				LD_RUNPATH_SEARCH_PATHS = (
					"$(inherited)",
					"@executable_path/../Frameworks",
				);
				MARKETING_VERSION = 1.0;
				PRODUCT_BUNDLE_IDENTIFIER = input.MacOSCleaner;
				PRODUCT_NAME = "$(TARGET_NAME)";
				REGISTER_APP_GROUPS = YES;
				STRING_CATALOG_GENERATE_SYMBOLS = YES;
				SWIFT_APPROACHABLE_CONCURRENCY = YES;
				SWIFT_DEFAULT_ACTOR_ISOLATION = MainActor;
				SWIFT_EMIT_LOC_STRINGS = YES;
				SWIFT_UPCOMING_FEATURE_MEMBER_IMPORT_VISIBILITY = YES;
				SWIFT_VERSION = 5.0;
			};
			name = Release;
		};
		FA33CB952FB62574003AD49B /* Debug */ = {
			isa = XCBuildConfiguration;
			buildSettings = {
				BUNDLE_LOADER = "$(TEST_HOST)";
				CODE_SIGN_STYLE = Automatic;
				CURRENT_PROJECT_VERSION = 1;
				DEVELOPMENT_TEAM = 467K3HY3K6;
				GENERATE_INFOPLIST_FILE = YES;
				MACOSX_DEPLOYMENT_TARGET = 26.5;
				MARKETING_VERSION = 1.0;
				PRODUCT_BUNDLE_IDENTIFIER = input.MacOSCleanerTests;
				PRODUCT_NAME = "$(TARGET_NAME)";
				STRING_CATALOG_GENERATE_SYMBOLS = NO;
				SWIFT_APPROACHABLE_CONCURRENCY = YES;
				SWIFT_EMIT_LOC_STRINGS = NO;
				SWIFT_UPCOMING_FEATURE_MEMBER_IMPORT_VISIBILITY = YES;
				SWIFT_VERSION = 5.0;
				TEST_HOST = "$(BUILT_PRODUCTS_DIR)/MacOSCleaner.app/$(BUNDLE_EXECUTABLE_FOLDER_PATH)/MacOSCleaner";
			};
			name = Debug;
		};
		FA33CB962FB62574003AD49B /* Release */ = {
			isa = XCBuildConfiguration;
			buildSettings = {
				BUNDLE_LOADER = "$(TEST_HOST)";
				CODE_SIGN_STYLE = Automatic;
				CURRENT_PROJECT_VERSION = 1;
				DEVELOPMENT_TEAM = 467K3HY3K6;
				GENERATE_INFOPLIST_FILE = YES;
				MACOSX_DEPLOYMENT_TARGET = 26.5;
				MARKETING_VERSION = 1.0;
				PRODUCT_BUNDLE_IDENTIFIER = input.MacOSCleanerTests;
				PRODUCT_NAME = "$(TARGET_NAME)";
				STRING_CATALOG_GENERATE_SYMBOLS = NO;
				SWIFT_APPROACHABLE_CONCURRENCY = YES;
				SWIFT_EMIT_LOC_STRINGS = NO;
				SWIFT_UPCOMING_FEATURE_MEMBER_IMPORT_VISIBILITY = YES;
				SWIFT_VERSION = 5.0;
				TEST_HOST = "$(BUILT_PRODUCTS_DIR)/MacOSCleaner.app/$(BUNDLE_EXECUTABLE_FOLDER_PATH)/MacOSCleaner";
			};
			name = Release;
		};
		FA33CB982FB62574003AD49B /* Debug */ = {
			isa = XCBuildConfiguration;
			buildSettings = {
				CODE_SIGN_STYLE = Automatic;
				CURRENT_PROJECT_VERSION = 1;
				DEVELOPMENT_TEAM = 467K3HY3K6;
				GENERATE_INFOPLIST_FILE = YES;
				MARKETING_VERSION = 1.0;
				PRODUCT_BUNDLE_IDENTIFIER = input.MacOSCleanerUITests;
				PRODUCT_NAME = "$(TARGET_NAME)";
				STRING_CATALOG_GENERATE_SYMBOLS = NO;
				SWIFT_APPROACHABLE_CONCURRENCY = YES;
				SWIFT_EMIT_LOC_STRINGS = NO;
				SWIFT_UPCOMING_FEATURE_MEMBER_IMPORT_VISIBILITY = YES;
				SWIFT_VERSION = 5.0;
				TEST_TARGET_NAME = MacOSCleaner;
			};
			name = Debug;
		};
		FA33CB992FB62574003AD49B /* Release */ = {
			isa = XCBuildConfiguration;
			buildSettings = {
				CODE_SIGN_STYLE = Automatic;
				CURRENT_PROJECT_VERSION = 1;
				DEVELOPMENT_TEAM = 467K3HY3K6;
				GENERATE_INFOPLIST_FILE = YES;
				MARKETING_VERSION = 1.0;
				PRODUCT_BUNDLE_IDENTIFIER = input.MacOSCleanerUITests;
				PRODUCT_NAME = "$(TARGET_NAME)";
				STRING_CATALOG_GENERATE_SYMBOLS = NO;
				SWIFT_APPROACHABLE_CONCURRENCY = YES;
				SWIFT_EMIT_LOC_STRINGS = NO;
				SWIFT_UPCOMING_FEATURE_MEMBER_IMPORT_VISIBILITY = YES;
				SWIFT_VERSION = 5.0;
				TEST_TARGET_NAME = MacOSCleaner;
			};
			name = Release;
		};
/* End XCBuildConfiguration section */

/* Begin XCConfigurationList section */
		FA33CB6B2FB62573003AD49B /* Build configuration list for PBXProject "MacOSCleaner" */ = {
			isa = XCConfigurationList;
			buildConfigurations = (
				FA33CB8F2FB62574003AD49B /* Debug */,
				FA33CB902FB62574003AD49B /* Release */,
			);
			defaultConfigurationIsVisible = 0;
			defaultConfigurationName = Release;
		};
		FA33CB912FB62574003AD49B /* Build configuration list for PBXNativeTarget "MacOSCleaner" */ = {
			isa = XCConfigurationList;
			buildConfigurations = (
				FA33CB922FB62574003AD49B /* Debug */,
				FA33CB932FB62574003AD49B /* Release */,
			);
			defaultConfigurationIsVisible = 0;
			defaultConfigurationName = Release;
		};
		FA33CB942FB62574003AD49B /* Build configuration list for PBXNativeTarget "MacOSCleanerTests" */ = {
			isa = XCConfigurationList;
			buildConfigurations = (
				FA33CB952FB62574003AD49B /* Debug */,
				FA33CB962FB62574003AD49B /* Release */,
			);
			defaultConfigurationIsVisible = 0;
			defaultConfigurationName = Release;
		};
		FA33CB972FB62574003AD49B /* Build configuration list for PBXNativeTarget "MacOSCleanerUITests" */ = {
			isa = XCConfigurationList;
			buildConfigurations = (
				FA33CB982FB62574003AD49B /* Debug */,
				FA33CB992FB62574003AD49B /* Release */,
			);
			defaultConfigurationIsVisible = 0;
			defaultConfigurationName = Release;
		};
/* End XCConfigurationList section */
	};
	rootObject = FA33CB682FB62573003AD49B /* Project object */;
}
