// !$*UTF8*$!
{
	archiveVersion = 1;
	classes = {
	};
	objectVersion = 77;
	objects = {

/* Begin PBXBuildFile section */
		0391C1FE9C1D7972FF3FE3A9 /* NavigationItem.swift in Sources */ = {isa = PBXBuildFile; fileRef = 94F0BE92DBF9406F9F61997B /* NavigationItem.swift */; };
		0CF06A132DCDEB64E01233D5 /* UninstallerView.swift in Sources */ = {isa = PBXBuildFile; fileRef = 0B1465E7BBEAD9F0640211AF /* UninstallerView.swift */; };
		127587465D0C1AA7FE98BEB1 /* StartupService.swift in Sources */ = {isa = PBXBuildFile; fileRef = 38E05293E0B121C096DBE239 /* StartupService.swift */; };
		1A6349C8B62AB42EC3939456 /* CommandRunnerTests.swift in Sources */ = {isa = PBXBuildFile; fileRef = 3180B38EADF87F8EF4DC79A9 /* CommandRunnerTests.swift */; };
		2D75C1ADB4D2ACCEA9F3F45C /* ScanResult.swift in Sources */ = {isa = PBXBuildFile; fileRef = 45F11801212AEE0DF00B6CFD /* ScanResult.swift */; };
		3953895EA4D274CF88529246 /* SafetyManagerTests.swift in Sources */ = {isa = PBXBuildFile; fileRef = 0D6F39860A222DF80904B9F0 /* SafetyManagerTests.swift */; };
		538B073AF3A78D4B942362D9 /* SettingsView.swift in Sources */ = {isa = PBXBuildFile; fileRef = 7B52C853D0654C5F88E413CA /* SettingsView.swift */; };
		5B0070CC148C4A37DA08AE89 /* CleanupTransaction.swift in Sources */ = {isa = PBXBuildFile; fileRef = 56B6A8732B419FB439D39287 /* CleanupTransaction.swift */; };
		5C796AEB959A82F6D85997F1 /* CleanupView.swift in Sources */ = {isa = PBXBuildFile; fileRef = C9714D158D0896FC79CADAC6 /* CleanupView.swift */; };
		7E873E4B619204B12F439F7F /* CleanupItem.swift in Sources */ = {isa = PBXBuildFile; fileRef = 3B65F0C09BDFE4FF49A6F749 /* CleanupItem.swift */; };
		8357EAB5F97BF025CA97487E /* DashboardView.swift in Sources */ = {isa = PBXBuildFile; fileRef = 582805B87FA11E1628427191 /* DashboardView.swift */; };
		C6300EC06B88582A9123A993 /* OperationRisk.swift in Sources */ = {isa = PBXBuildFile; fileRef = D3259D329603FC5BBFD9F349 /* OperationRisk.swift */; };
		D7555B60B76D9414315C568F /* StartupServicesView.swift in Sources */ = {isa = PBXBuildFile; fileRef = FE7522E731BBFCD9DE66C0A8 /* StartupServicesView.swift */; };
		E29F6D3F87AEAC2436ADA5E3 /* SafetyManager.swift in Sources */ = {isa = PBXBuildFile; fileRef = 413F8FDEBAF42B08D267ADD6 /* SafetyManager.swift */; };
		E91A5FF1E62654492EA69C03 /* OperationRecord.swift in Sources */ = {isa = PBXBuildFile; fileRef = 1EEED8A4BE2DFD1ABED71A9C /* OperationRecord.swift */; };
		FA709E172FB633A000D6E176 /* RootView.swift in Sources */ = {isa = PBXBuildFile; fileRef = FA709E062FB633A000D6E176 /* RootView.swift */; };
		FA709E182FB633A000D6E176 /* ContentView.swift in Sources */ = {isa = PBXBuildFile; fileRef = FA709E042FB633A000D6E176 /* ContentView.swift */; };
		FA709E1B2FB633A000D6E176 /* CommandRunner.swift in Sources */ = {isa = PBXBuildFile; fileRef = FA709E0D2FB633A000D6E176 /* CommandRunner.swift */; };
		FA709E1C2FB633A000D6E176 /* MacOSCleanerApp.swift in Sources */ = {isa = PBXBuildFile; fileRef = FA709E052FB633A000D6E176 /* MacOSCleanerApp.swift */; };
		FA709E1D2FB633A000D6E176 /* Assets.xcassets in Resources */ = {isa = PBXBuildFile; fileRef = FA709E122FB633A000D6E176 /* Assets.xcassets */; };
/* End PBXBuildFile section */

/* Begin PBXContainerItemProxy section */
		FA33CB7E2FB62574003AD49B /* PBXContainerItemProxy */ = {
			isa = PBXContainerItemProxy;
			containerPortal = FA33CB682FB62573003AD49B /* Project object */;
			proxyType = 1;
			remoteGlobalIDString = FA33CB6F2FB62573003AD49B;
			remoteInfo = MacOSCleaner;
		};
		FA33CB882FB62574003AD49B /* PBXContainerItemProxy */ = {
			isa = PBXContainerItemProxy;
			containerPortal = FA33CB682FB62573003AD49B /* Project object */;
			proxyType = 1;
			remoteGlobalIDString = FA33CB6F2FB62573003AD49B;
			remoteInfo = MacOSCleaner;
		};
/* End PBXContainerItemProxy section */

/* Begin PBXFileReference section */
		0B1465E7BBEAD9F0640211AF /* UninstallerView.swift */ = {isa = PBXFileReference; includeInIndex = 1; lastKnownFileType = sourcecode.swift; path = UninstallerView.swift; sourceTree = "<group>"; };
		0D6F39860A222DF80904B9F0 /* SafetyManagerTests.swift */ = {isa = PBXFileReference; includeInIndex = 1; lastKnownFileType = sourcecode.swift; path = SafetyManagerTests.swift; sourceTree = "<group>"; };
		1EEED8A4BE2DFD1ABED71A9C /* OperationRecord.swift */ = {isa = PBXFileReference; includeInIndex = 1; lastKnownFileType = sourcecode.swift; path = OperationRecord.swift; sourceTree = "<group>"; };
		3180B38EADF87F8EF4DC79A9 /* CommandRunnerTests.swift */ = {isa = PBXFileReference; includeInIndex = 1; lastKnownFileType = sourcecode.swift; path = CommandRunnerTests.swift; sourceTree = "<group>"; };
		38E05293E0B121C096DBE239 /* StartupService.swift */ = {isa = PBXFileReference; includeInIndex = 1; lastKnownFileType = sourcecode.swift; path = StartupService.swift; sourceTree = "<group>"; };
		3B65F0C09BDFE4FF49A6F749 /* CleanupItem.swift */ = {isa = PBXFileReference; includeInIndex = 1; lastKnownFileType = sourcecode.swift; path = CleanupItem.swift; sourceTree = "<group>"; };
		413F8FDEBAF42B08D267ADD6 /* SafetyManager.swift */ = {isa = PBXFileReference; includeInIndex = 1; lastKnownFileType = sourcecode.swift; path = SafetyManager.swift; sourceTree = "<group>"; };
		45F11801212AEE0DF00B6CFD /* ScanResult.swift */ = {isa = PBXFileReference; includeInIndex = 1; lastKnownFileType = sourcecode.swift; path = ScanResult.swift; sourceTree = "<group>"; };
		56B6A8732B419FB439D39287 /* CleanupTransaction.swift */ = {isa = PBXFileReference; includeInIndex = 1; lastKnownFileType = sourcecode.swift; path = CleanupTransaction.swift; sourceTree = "<group>"; };
		582805B87FA11E1628427191 /* DashboardView.swift */ = {isa = PBXFileReference; includeInIndex = 1; lastKnownFileType = sourcecode.swift; path = DashboardView.swift; sourceTree = "<group>"; };
		7B52C853D0654C5F88E413CA /* SettingsView.swift */ = {isa = PBXFileReference; includeInIndex = 1; lastKnownFileType = sourcecode.swift; path = SettingsView.swift; sourceTree = "<group>"; };
		94F0BE92DBF9406F9F61997B /* NavigationItem.swift */ = {isa = PBXFileReference; includeInIndex = 1; lastKnownFileType = sourcecode.swift; path = NavigationItem.swift; sourceTree = "<group>"; };
		C9714D158D0896FC79CADAC6 /* CleanupView.swift */ = {isa = PBXFileReference; includeInIndex = 1; lastKnownFileType = sourcecode.swift; path = CleanupView.swift; sourceTree = "<group>"; };
		D3259D329603FC5BBFD9F349 /* OperationRisk.swift */ = {isa = PBXFileReference; includeInIndex = 1; lastKnownFileType = sourcecode.swift; path = OperationRisk.swift; sourceTree = "<group>"; };
		FA33CB702FB62574003AD49B /* MacOSCleaner.app */ = {isa = PBXFileReference; explicitFileType = wrapper.application; includeInIndex = 0; name = MacOSCleaner.app; path = "/Users/alex/Documents/my/macos-cleaner/MacOSCleaner/build/Debug/MacOSCleaner.app"; sourceTree = "<absolute>"; };
		FA33CB7D2FB62574003AD49B /* MacOSCleanerTests.xctest */ = {isa = PBXFileReference; explicitFileType = wrapper.cfbundle; includeInIndex = 0; name = MacOSCleanerTests.xctest; path = "/Users/alex/Documents/my/macos-cleaner/MacOSCleaner/build/Debug/MacOSCleaner.app/Contents/PlugIns/MacOSCleanerTests.xctest"; sourceTree = "<absolute>"; };
		FA33CB872FB62574003AD49B /* MacOSCleanerUITests.xctest */ = {isa = PBXFileReference; explicitFileType = wrapper.cfbundle; includeInIndex = 0; name = MacOSCleanerUITests.xctest; path = "/Users/alex/Documents/my/macos-cleaner/MacOSCleaner/build/Debug/MacOSCleanerUITests-Runner.app/Contents/PlugIns/MacOSCleanerUITests.xctest"; sourceTree = "<absolute>"; };
		FA709E042FB633A000D6E176 /* ContentView.swift */ = {isa = PBXFileReference; lastKnownFileType = sourcecode.swift; path = ContentView.swift; sourceTree = "<group>"; };
		FA709E052FB633A000D6E176 /* MacOSCleanerApp.swift */ = {isa = PBXFileReference; lastKnownFileType = sourcecode.swift; path = MacOSCleanerApp.swift; sourceTree = "<group>"; };
		FA709E062FB633A000D6E176 /* RootView.swift */ = {isa = PBXFileReference; lastKnownFileType = sourcecode.swift; path = RootView.swift; sourceTree = "<group>"; };
		FA709E0D2FB633A000D6E176 /* CommandRunner.swift */ = {isa = PBXFileReference; lastKnownFileType = sourcecode.swift; path = CommandRunner.swift; sourceTree = "<group>"; };
		FA709E0F2FB633A000D6E176 /* MacOSCleaner.xcodeproj */ = {isa = PBXFileReference; lastKnownFileType = "wrapper.pb-project"; path = MacOSCleaner.xcodeproj; sourceTree = "<group>"; };
		FA709E122FB633A000D6E176 /* Assets.xcassets */ = {isa = PBXFileReference; lastKnownFileType = folder.assetcatalog; path = Assets.xcassets; sourceTree = "<group>"; };
		FE7522E731BBFCD9DE66C0A8 /* StartupServicesView.swift */ = {isa = PBXFileReference; includeInIndex = 1; lastKnownFileType = sourcecode.swift; path = StartupServicesView.swift; sourceTree = "<group>"; };
/* End PBXFileReference section */

/* Begin PBXFrameworksBuildPhase section */
		FA33CB6D2FB62573003AD49B /* Frameworks */ = {
			isa = PBXFrameworksBuildPhase;
			buildActionMask = 2147483647;
			files = (
			);
			runOnlyForDeploymentPostprocessing = 0;
		};
		FA33CB7A2FB62574003AD49B /* Frameworks */ = {
			isa = PBXFrameworksBuildPhase;
			buildActionMask = 2147483647;
			files = (
			);
			runOnlyForDeploymentPostprocessing = 0;
		};
		FA33CB842FB62574003AD49B /* Frameworks */ = {
			isa = PBXFrameworksBuildPhase;
			buildActionMask = 2147483647;
			files = (
			);
			runOnlyForDeploymentPostprocessing = 0;
		};
/* End PBXFrameworksBuildPhase section */

/* Begin PBXGroup section */
		4260AB50BB2D7C614B469D55 /* Dashboard */ = {
			isa = PBXGroup;
			children = (
				582805B87FA11E1628427191 /* DashboardView.swift */,
			);
			name = Dashboard;
			path = Dashboard;
			sourceTree = "<group>";
		};
		688E35546A98E544E602E8FC /* StartupServices */ = {
			isa = PBXGroup;
			children = (
				FE7522E731BBFCD9DE66C0A8 /* StartupServicesView.swift */,
			);
			name = StartupServices;
			path = StartupServices;
			sourceTree = "<group>";
		};
		7171A5BA72502B4B6237154F /* Settings */ = {
			isa = PBXGroup;
			children = (
				7B52C853D0654C5F88E413CA /* SettingsView.swift */,
			);
			name = Settings;
			path = Settings;
			sourceTree = "<group>";
		};
		E20EFD4D5105D1FFA99D1D21 /* MacOSCleanerTests */ = {
			isa = PBXGroup;
			children = (
				3180B38EADF87F8EF4DC79A9 /* CommandRunnerTests.swift */,
				0D6F39860A222DF80904B9F0 /* SafetyManagerTests.swift */,
			);
			name = MacOSCleanerTests;
			path = MacOSCleanerTests;
			sourceTree = "<group>";
		};
		E5B96A97B9DF195ABF257CE2 /* Uninstaller */ = {
			isa = PBXGroup;
			children = (
				0B1465E7BBEAD9F0640211AF /* UninstallerView.swift */,
			);
			name = Uninstaller;
			path = Uninstaller;
			sourceTree = "<group>";
		};
		FA33CB672FB62573003AD49B = {
			isa = PBXGroup;
			children = (
				FA709E082FB633A000D6E176 /* App */,
				FA709E092FB633A000D6E176 /* Domains */,
				FA709E0C2FB633A000D6E176 /* Features */,
				FA709E0E2FB633A000D6E176 /* Infrastructure */,
				FA709E0F2FB633A000D6E176 /* MacOSCleaner.xcodeproj */,
				FA709E102FB633A000D6E176 /* Models */,
				FA709E132FB633A000D6E176 /* Resources */,
				FA709E142FB633A000D6E176 /* State */,
				E20EFD4D5105D1FFA99D1D21 /* MacOSCleanerTests */,
			);
			sourceTree = "<group>";
		};
		FA709E082FB633A000D6E176 /* App */ = {
			isa = PBXGroup;
			children = (
				FA709E042FB633A000D6E176 /* ContentView.swift */,
				FA709E052FB633A000D6E176 /* MacOSCleanerApp.swift */,
				FA709E062FB633A000D6E176 /* RootView.swift */,
			);
			path = App;
			sourceTree = "<group>";
		};
		FA709E092FB633A000D6E176 /* Domains */ = {
			isa = PBXGroup;
			children = (
			);
			path = Domains;
			sourceTree = "<group>";
		};
		FA709E0B2FB633A000D6E176 /* Cleanup */ = {
			isa = PBXGroup;
			children = (
				C9714D158D0896FC79CADAC6 /* CleanupView.swift */,
			);
			path = Cleanup;
			sourceTree = "<group>";
		};
		FA709E0C2FB633A000D6E176 /* Features */ = {
			isa = PBXGroup;
			children = (
				FA709E0B2FB633A000D6E176 /* Cleanup */,
				4260AB50BB2D7C614B469D55 /* Dashboard */,
				688E35546A98E544E602E8FC /* StartupServices */,
				E5B96A97B9DF195ABF257CE2 /* Uninstaller */,
				7171A5BA72502B4B6237154F /* Settings */,
			);
			path = Features;
			sourceTree = "<group>";
		};
		FA709E0E2FB633A000D6E176 /* Infrastructure */ = {
			isa = PBXGroup;
			children = (
				FA709E0D2FB633A000D6E176 /* CommandRunner.swift */,
				413F8FDEBAF42B08D267ADD6 /* SafetyManager.swift */,
			);
			path = Infrastructure;
			sourceTree = "<group>";
		};
		FA709E102FB633A000D6E176 /* Models */ = {
			isa = PBXGroup;
			children = (
				94F0BE92DBF9406F9F61997B /* NavigationItem.swift */,
				D3259D329603FC5BBFD9F349 /* OperationRisk.swift */,
				3B65F0C09BDFE4FF49A6F749 /* CleanupItem.swift */,
				45F11801212AEE0DF00B6CFD /* ScanResult.swift */,
				1EEED8A4BE2DFD1ABED71A9C /* OperationRecord.swift */,
				56B6A8732B419FB439D39287 /* CleanupTransaction.swift */,
				38E05293E0B121C096DBE239 /* StartupService.swift */,
			);
			path = Models;
			sourceTree = "<group>";
		};
		FA709E112FB633A000D6E176 /* Scripts */ = {
			isa = PBXGroup;
			children = (
			);
			path = Scripts;
			sourceTree = "<group>";
		};
		FA709E132FB633A000D6E176 /* Resources */ = {
			isa = PBXGroup;
			children = (
				FA709E112FB633A000D6E176 /* Scripts */,
				FA709E122FB633A000D6E176 /* Assets.xcassets */,
			);
			path = Resources;
			sourceTree = "<group>";
		};
		FA709E142FB633A000D6E176 /* State */ = {
			isa = PBXGroup;
			children = (
			);
			path = State;
			sourceTree = "<group>";
		};
		FA709E152FB633A000D6E176 /* Products */ = {
			isa = PBXGroup;
			children = (
			);
			name = Products;
			sourceTree = "<group>";
		};
/* End PBXGroup section */

/* Begin PBXNativeTarget section */
		FA33CB6F2FB62573003AD49B /* MacOSCleaner */ = {
			isa = PBXNativeTarget;
			buildConfigurationList = FA33CB912FB62574003AD49B /* Build configuration list for PBXNativeTarget "MacOSCleaner" */;
			buildPhases = (
				FA33CB6C2FB62573003AD49B /* Sources */,
				FA33CB6D2FB62573003AD49B /* Frameworks */,
				FA33CB6E2FB62573003AD49B /* Resources */,
			);
			buildRules = (
			);
			dependencies = (
			);
			name = MacOSCleaner;
			productName = MacOSCleaner;
			productReference = FA33CB702FB62574003AD49B /* MacOSCleaner.app */;
			productType = "com.apple.product-type.application";
		};
		FA33CB7C2FB62574003AD49B /* MacOSCleanerTests */ = {
			isa = PBXNativeTarget;
			buildConfigurationList = FA33CB942FB62574003AD49B /* Build configuration list for PBXNativeTarget "MacOSCleanerTests" */;
			buildPhases = (
				FA33CB792FB62574003AD49B /* Sources */,
				FA33CB7A2FB62574003AD49B /* Frameworks */,
				FA33CB7B2FB62574003AD49B /* Resources */,
			);
			buildRules = (
			);
			dependencies = (
				FA33CB7F2FB62574003AD49B /* PBXTargetDependency */,
			);
			name = MacOSCleanerTests;
			productName = MacOSCleanerTests;
			productReference = FA33CB7D2FB62574003AD49B /* MacOSCleanerTests.xctest */;
			productType = "com.apple.product-type.bundle.unit-test";
		};
		FA33CB862FB62574003AD49B /* MacOSCleanerUITests */ = {
			isa = PBXNativeTarget;
			buildConfigurationList = FA33CB972FB62574003AD49B /* Build configuration list for PBXNativeTarget "MacOSCleanerUITests" */;
			buildPhases = (
				FA33CB832FB62574003AD49B /* Sources */,
				FA33CB842FB62574003AD49B /* Frameworks */,
				FA33CB852FB62574003AD49B /* Resources */,
			);
			buildRules = (
			);
			dependencies = (
				FA33CB892FB62574003AD49B /* PBXTargetDependency */,
			);
			name = MacOSCleanerUITests;
			productName = MacOSCleanerUITests;
			productReference = FA33CB872FB62574003AD49B /* MacOSCleanerUITests.xctest */;
			productType = "com.apple.product-type.bundle.ui-testing";
		};
/* End PBXNativeTarget section */

/* Begin PBXProject section */
		FA33CB682FB62573003AD49B /* Project object */ = {
			isa = PBXProject;
			attributes = {
				BuildIndependentTargetsInParallel = 1;
				LastSwiftUpdateCheck = 2650;
				LastUpgradeCheck = 2650;
				TargetAttributes = {
					FA33CB6F2FB62573003AD49B = {
						CreatedOnToolsVersion = 26.5;
					};
					FA33CB7C2FB62574003AD49B = {
						CreatedOnToolsVersion = 26.5;
						TestTargetID = FA33CB6F2FB62573003AD49B;
					};
					FA33CB862FB62574003AD49B = {
						CreatedOnToolsVersion = 26.5;
						TestTargetID = FA33CB6F2FB62573003AD49B;
					};
				};
			};
			buildConfigurationList = FA33CB6B2FB62573003AD49B /* Build configuration list for PBXProject "MacOSCleaner" */;
			developmentRegion = en;
			hasScannedForEncodings = 0;
			knownRegions = (
				en,
				Base,
			);
			mainGroup = FA33CB672FB62573003AD49B;
			minimizedProjectReferenceProxies = 1;
			preferredProjectObjectVersion = 77;
			productRefGroup = FA33CB672FB62573003AD49B;
			projectDirPath = "";
			projectReferences = (
				{
					ProductGroup = FA709E152FB633A000D6E176 /* Products */;
					ProjectRef = FA709E0F2FB633A000D6E176 /* MacOSCleaner.xcodeproj */;
				},
			);
			projectRoot = "";
			targets = (
				FA33CB6F2FB62573003AD49B /* MacOSCleaner */,
				FA33CB7C2FB62574003AD49B /* MacOSCleanerTests */,
				FA33CB862FB62574003AD49B /* MacOSCleanerUITests */,
			);
		};
/* End PBXProject section */

/* Begin PBXResourcesBuildPhase section */
		FA33CB6E2FB62573003AD49B /* Resources */ = {
			isa = PBXResourcesBuildPhase;
			buildActionMask = 2147483647;
			files = (
				FA709E1D2FB633A000D6E176 /* Assets.xcassets in Resources */,
			);
			runOnlyForDeploymentPostprocessing = 0;
		};
		FA33CB7B2FB62574003AD49B /* Resources */ = {
			isa = PBXResourcesBuildPhase;
			buildActionMask = 2147483647;
			files = (
			);
			runOnlyForDeploymentPostprocessing = 0;
		};
		FA33CB852FB62574003AD49B /* Resources */ = {
			isa = PBXResourcesBuildPhase;
			buildActionMask = 2147483647;
			files = (
			);
			runOnlyForDeploymentPostprocessing = 0;
		};
/* End PBXResourcesBuildPhase section */

/* Begin PBXSourcesBuildPhase section */
		FA33CB6C2FB62573003AD49B /* Sources */ = {
			isa = PBXSourcesBuildPhase;
			buildActionMask = 2147483647;
			files = (
				FA709E172FB633A000D6E176 /* RootView.swift in Sources */,
				FA709E182FB633A000D6E176 /* ContentView.swift in Sources */,
				FA709E1B2FB633A000D6E176 /* CommandRunner.swift in Sources */,
				FA709E1C2FB633A000D6E176 /* MacOSCleanerApp.swift in Sources */,
				0391C1FE9C1D7972FF3FE3A9 /* NavigationItem.swift in Sources */,
				8357EAB5F97BF025CA97487E /* DashboardView.swift in Sources */,
				5C796AEB959A82F6D85997F1 /* CleanupView.swift in Sources */,
				D7555B60B76D9414315C568F /* StartupServicesView.swift in Sources */,
				0CF06A132DCDEB64E01233D5 /* UninstallerView.swift in Sources */,
				538B073AF3A78D4B942362D9 /* SettingsView.swift in Sources */,
				C6300EC06B88582A9123A993 /* OperationRisk.swift in Sources */,
				7E873E4B619204B12F439F7F /* CleanupItem.swift in Sources */,
				2D75C1ADB4D2ACCEA9F3F45C /* ScanResult.swift in Sources */,
				E91A5FF1E62654492EA69C03 /* OperationRecord.swift in Sources */,
				5B0070CC148C4A37DA08AE89 /* CleanupTransaction.swift in Sources */,
				127587465D0C1AA7FE98BEB1 /* StartupService.swift in Sources */,
				E29F6D3F87AEAC2436ADA5E3 /* SafetyManager.swift in Sources */,
			);
			runOnlyForDeploymentPostprocessing = 0;
		};
		FA33CB792FB62574003AD49B /* Sources */ = {
			isa = PBXSourcesBuildPhase;
			buildActionMask = 2147483647;
			files = (
				1A6349C8B62AB42EC3939456 /* CommandRunnerTests.swift in Sources */,
				3953895EA4D274CF88529246 /* SafetyManagerTests.swift in Sources */,
			);
			runOnlyForDeploymentPostprocessing = 0;
		};
		FA33CB832FB62574003AD49B /* Sources */ = {
			isa = PBXSourcesBuildPhase;
			buildActionMask = 2147483647;
			files = (
			);
			runOnlyForDeploymentPostprocessing = 0;
		};
/* End PBXSourcesBuildPhase section */

/* Begin PBXTargetDependency section */
		FA33CB7F2FB62574003AD49B /* PBXTargetDependency */ = {
			isa = PBXTargetDependency;
			target = FA33CB6F2FB62573003AD49B /* MacOSCleaner */;
			targetProxy = FA33CB7E2FB62574003AD49B /* PBXContainerItemProxy */;
		};
		FA33CB892FB62574003AD49B /* PBXTargetDependency */ = {
			isa = PBXTargetDependency;
			target = FA33CB6F2FB62573003AD49B /* MacOSCleaner */;
			targetProxy = FA33CB882FB62574003AD49B /* PBXContainerItemProxy */;
		};
/* End PBXTargetDependency section */

/* Begin XCBuildConfiguration section */
		FA33CB8F2FB62574003AD49B /* Debug */ = {
			isa = XCBuildConfiguration;
			buildSettings = {
				ALWAYS_SEARCH_USER_PATHS = NO;
				ASSETCATALOG_COMPILER_GENERATE_SWIFT_ASSET_SYMBOL_EXTENSIONS = YES;
				CLANG_ANALYZER_NONNULL = YES;
				CLANG_ANALYZER_NUMBER_OBJECT_CONVERSION = YES_AGGRESSIVE;
				CLANG_CXX_LANGUAGE_STANDARD = "gnu++20";
				CLANG_ENABLE_MODULES = YES;
				CLANG_ENABLE_OBJC_ARC = YES;
				CLANG_ENABLE_OBJC_WEAK = YES;
				CLANG_WARN_BLOCK_CAPTURE_AUTORELEASING = YES;
				CLANG_WARN_BOOL_CONVERSION = YES;
				CLANG_WARN_COMMA = YES;
				CLANG_WARN_CONSTANT_CONVERSION = YES;
				CLANG_WARN_DEPRECATED_OBJC_IMPLEMENTATIONS = YES;
				CLANG_WARN_DIRECT_OBJC_ISA_USAGE = YES_ERROR;
				CLANG_WARN_DOCUMENTATION_COMMENTS = YES;
				CLANG_WARN_EMPTY_BODY = YES;
				CLANG_WARN_ENUM_CONVERSION = YES;
				CLANG_WARN_INFINITE_RECURSION = YES;
				CLANG_WARN_INT_CONVERSION = YES;
				CLANG_WARN_NON_LITERAL_NULL_CONVERSION = YES;
				CLANG_WARN_OBJC_IMPLICIT_RETAIN_SELF = YES;
				CLANG_WARN_OBJC_LITERAL_CONVERSION = YES;
				CLANG_WARN_OBJC_ROOT_CLASS = YES_ERROR;
				CLANG_WARN_QUOTED_INCLUDE_IN_FRAMEWORK_HEADER = YES;
				CLANG_WARN_RANGE_LOOP_ANALYSIS = YES;
				CLANG_WARN_STRICT_PROTOTYPES = YES;
				CLANG_WARN_SUSPICIOUS_MOVE = YES;
				CLANG_WARN_UNGUARDED_AVAILABILITY = YES_AGGRESSIVE;
				CLANG_WARN_UNREACHABLE_CODE = YES;
				CLANG_WARN__DUPLICATE_METHOD_MATCH = YES;
				COPY_PHASE_STRIP = NO;
				DEBUG_INFORMATION_FORMAT = dwarf;
				DEVELOPMENT_TEAM = 467K3HY3K6;
				ENABLE_STRICT_OBJC_MSGSEND = YES;
				ENABLE_TESTABILITY = YES;
				ENABLE_USER_SCRIPT_SANDBOXING = YES;
				GCC_C_LANGUAGE_STANDARD = gnu17;
				GCC_DYNAMIC_NO_PIC = NO;
				GCC_NO_COMMON_BLOCKS = YES;
				GCC_OPTIMIZATION_LEVEL = 0;
				GCC_PREPROCESSOR_DEFINITIONS = (
					"DEBUG=1",
					"$(inherited)",
				);
				GCC_WARN_64_TO_32_BIT_CONVERSION = YES;
				GCC_WARN_ABOUT_RETURN_TYPE = YES_ERROR;
				GCC_WARN_UNDECLARED_SELECTOR = YES;
				GCC_WARN_UNINITIALIZED_AUTOS = YES_AGGRESSIVE;
				GCC_WARN_UNUSED_FUNCTION = YES;
				GCC_WARN_UNUSED_VARIABLE = YES;
				LOCALIZATION_PREFERS_STRING_CATALOGS = YES;
				MACOSX_DEPLOYMENT_TARGET = 26.5;
				MTL_ENABLE_DEBUG_INFO = INCLUDE_SOURCE;
				MTL_FAST_MATH = YES;
				ONLY_ACTIVE_ARCH = YES;
				SDKROOT = macosx;
				SWIFT_ACTIVE_COMPILATION_CONDITIONS = "DEBUG $(inherited)";
				SWIFT_OPTIMIZATION_LEVEL = "-Onone";
			};
			name = Debug;
		};
		FA33CB902FB62574003AD49B /* Release */ = {
			isa = XCBuildConfiguration;
			buildSettings = {
				ALWAYS_SEARCH_USER_PATHS = NO;
				ASSETCATALOG_COMPILER_GENERATE_SWIFT_ASSET_SYMBOL_EXTENSIONS = YES;
				CLANG_ANALYZER_NONNULL = YES;
				CLANG_ANALYZER_NUMBER_OBJECT_CONVERSION = YES_AGGRESSIVE;
				CLANG_CXX_LANGUAGE_STANDARD = "gnu++20";
				CLANG_ENABLE_MODULES = YES;
				CLANG_ENABLE_OBJC_ARC = YES;
				CLANG_ENABLE_OBJC_WEAK = YES;
				CLANG_WARN_BLOCK_CAPTURE_AUTORELEASING = YES;
				CLANG_WARN_BOOL_CONVERSION = YES;
				CLANG_WARN_COMMA = YES;
				CLANG_WARN_CONSTANT_CONVERSION = YES;
				CLANG_WARN_DEPRECATED_OBJC_IMPLEMENTATIONS = YES;
				CLANG_WARN_DIRECT_OBJC_ISA_USAGE = YES_ERROR;
				CLANG_WARN_DOCUMENTATION_COMMENTS = YES;
				CLANG_WARN_EMPTY_BODY = YES;
				CLANG_WARN_ENUM_CONVERSION = YES;
				CLANG_WARN_INFINITE_RECURSION = YES;
				CLANG_WARN_INT_CONVERSION = YES;
				CLANG_WARN_NON_LITERAL_NULL_CONVERSION = YES;
				CLANG_WARN_OBJC_IMPLICIT_RETAIN_SELF = YES;
				CLANG_WARN_OBJC_LITERAL_CONVERSION = YES;
				CLANG_WARN_OBJC_ROOT_CLASS = YES_ERROR;
				CLANG_WARN_QUOTED_INCLUDE_IN_FRAMEWORK_HEADER = YES;
				CLANG_WARN_RANGE_LOOP_ANALYSIS = YES;
				CLANG_WARN_STRICT_PROTOTYPES = YES;
				CLANG_WARN_SUSPICIOUS_MOVE = YES;
				CLANG_WARN_UNGUARDED_AVAILABILITY = YES_AGGRESSIVE;
				CLANG_WARN_UNREACHABLE_CODE = YES;
				CLANG_WARN__DUPLICATE_METHOD_MATCH = YES;
				COPY_PHASE_STRIP = NO;
				DEBUG_INFORMATION_FORMAT = "dwarf-with-dsym";
				DEVELOPMENT_TEAM = 467K3HY3K6;
				ENABLE_NS_ASSERTIONS = NO;
				ENABLE_STRICT_OBJC_MSGSEND = YES;
				ENABLE_USER_SCRIPT_SANDBOXING = YES;
				GCC_C_LANGUAGE_STANDARD = gnu17;
				GCC_NO_COMMON_BLOCKS = YES;
				GCC_WARN_64_TO_32_BIT_CONVERSION = YES;
				GCC_WARN_ABOUT_RETURN_TYPE = YES_ERROR;
				GCC_WARN_UNDECLARED_SELECTOR = YES;
				GCC_WARN_UNINITIALIZED_AUTOS = YES_AGGRESSIVE;
				GCC_WARN_UNUSED_FUNCTION = YES;
				GCC_WARN_UNUSED_VARIABLE = YES;
				LOCALIZATION_PREFERS_STRING_CATALOGS = YES;
				MACOSX_DEPLOYMENT_TARGET = 26.5;
				MTL_ENABLE_DEBUG_INFO = NO;
				MTL_FAST_MATH = YES;
				SDKROOT = macosx;
				SWIFT_COMPILATION_MODE = wholemodule;
			};
			name = Release;
		};
		FA33CB922FB62574003AD49B /* Debug */ = {
			isa = XCBuildConfiguration;
			buildSettings = {
				ASSETCATALOG_COMPILER_APPICON_NAME = AppIcon;
				ASSETCATALOG_COMPILER_GLOBAL_ACCENT_COLOR_NAME = AccentColor;
				CODE_SIGN_STYLE = Automatic;
				COMBINE_HIDPI_IMAGES = YES;
				CURRENT_PROJECT_VERSION = 1;
				DEVELOPMENT_TEAM = 467K3HY3K6;
				ENABLE_APP_SANDBOX = YES;
				ENABLE_HARDENED_RUNTIME = YES;
				ENABLE_PREVIEWS = YES;
				ENABLE_USER_SELECTED_FILES = readonly;
				GENERATE_INFOPLIST_FILE = YES;
				INFOPLIST_KEY_NSHumanReadableCopyright = "";
				LD_RUNPATH_SEARCH_PATHS = (
					"$(inherited)",
					"@executable_path/../Frameworks",
				);
				MARKETING_VERSION = 1.0;
				PRODUCT_BUNDLE_IDENTIFIER = input.MacOSCleaner;
				PRODUCT_NAME = "$(TARGET_NAME)";
				REGISTER_APP_GROUPS = YES;
				STRING_CATALOG_GENERATE_SYMBOLS = YES;
				SWIFT_APPROACHABLE_CONCURRENCY = YES;
				SWIFT_DEFAULT_ACTOR_ISOLATION = MainActor;
				SWIFT_EMIT_LOC_STRINGS = YES;
				SWIFT_UPCOMING_FEATURE_MEMBER_IMPORT_VISIBILITY = YES;
				SWIFT_VERSION = 5.0;
			};
			name = Debug;
		};
		FA33CB932FB62574003AD49B /* Release */ = {
			isa = XCBuildConfiguration;
			buildSettings = {
				ASSETCATALOG_COMPILER_APPICON_NAME = AppIcon;
				ASSETCATALOG_COMPILER_GLOBAL_ACCENT_COLOR_NAME = AccentColor;
				CODE_SIGN_STYLE = Automatic;
				COMBINE_HIDPI_IMAGES = YES;
				CURRENT_PROJECT_VERSION = 1;
				DEVELOPMENT_TEAM = 467K3HY3K6;
				ENABLE_APP_SANDBOX = YES;
				ENABLE_HARDENED_RUNTIME = YES;
				ENABLE_PREVIEWS = YES;
				ENABLE_USER_SELECTED_FILES = readonly;
				GENERATE_INFOPLIST_FILE = YES;
				INFOPLIST_KEY_NSHumanReadableCopyright = "";
				LD_RUNPATH_SEARCH_PATHS = (
					"$(inherited)",
					"@executable_path/../Frameworks",
				);
				MARKETING_VERSION = 1.0;
				PRODUCT_BUNDLE_IDENTIFIER = input.MacOSCleaner;
				PRODUCT_NAME = "$(TARGET_NAME)";
				REGISTER_APP_GROUPS = YES;
				STRING_CATALOG_GENERATE_SYMBOLS = YES;
				SWIFT_APPROACHABLE_CONCURRENCY = YES;
				SWIFT_DEFAULT_ACTOR_ISOLATION = MainActor;
				SWIFT_EMIT_LOC_STRINGS = YES;
				SWIFT_UPCOMING_FEATURE_MEMBER_IMPORT_VISIBILITY = YES;
				SWIFT_VERSION = 5.0;
			};
			name = Release;
		};
		FA33CB952FB62574003AD49B /* Debug */ = {
			isa = XCBuildConfiguration;
			buildSettings = {
				BUNDLE_LOADER = "$(TEST_HOST)";
				CODE_SIGN_STYLE = Automatic;
				CURRENT_PROJECT_VERSION = 1;
				DEVELOPMENT_TEAM = 467K3HY3K6;
				GENERATE_INFOPLIST_FILE = YES;
				MACOSX_DEPLOYMENT_TARGET = 26.5;
				MARKETING_VERSION = 1.0;
				PRODUCT_BUNDLE_IDENTIFIER = input.MacOSCleanerTests;
				PRODUCT_NAME = "$(TARGET_NAME)";
				STRING_CATALOG_GENERATE_SYMBOLS = NO;
				SWIFT_APPROACHABLE_CONCURRENCY = YES;
				SWIFT_EMIT_LOC_STRINGS = NO;
				SWIFT_UPCOMING_FEATURE_MEMBER_IMPORT_VISIBILITY = YES;
				SWIFT_VERSION = 5.0;
				TEST_HOST = "$(BUILT_PRODUCTS_DIR)/MacOSCleaner.app/$(BUNDLE_EXECUTABLE_FOLDER_PATH)/MacOSCleaner";
			};
			name = Debug;
		};
		FA33CB962FB62574003AD49B /* Release */ = {
			isa = XCBuildConfiguration;
			buildSettings = {
				BUNDLE_LOADER = "$(TEST_HOST)";
				CODE_SIGN_STYLE = Automatic;
				CURRENT_PROJECT_VERSION = 1;
				DEVELOPMENT_TEAM = 467K3HY3K6;
				GENERATE_INFOPLIST_FILE = YES;
				MACOSX_DEPLOYMENT_TARGET = 26.5;
				MARKETING_VERSION = 1.0;
				PRODUCT_BUNDLE_IDENTIFIER = input.MacOSCleanerTests;
				PRODUCT_NAME = "$(TARGET_NAME)";
				STRING_CATALOG_GENERATE_SYMBOLS = NO;
				SWIFT_APPROACHABLE_CONCURRENCY = YES;
				SWIFT_EMIT_LOC_STRINGS = NO;
				SWIFT_UPCOMING_FEATURE_MEMBER_IMPORT_VISIBILITY = YES;
				SWIFT_VERSION = 5.0;
				TEST_HOST = "$(BUILT_PRODUCTS_DIR)/MacOSCleaner.app/$(BUNDLE_EXECUTABLE_FOLDER_PATH)/MacOSCleaner";
			};
			name = Release;
		};
		FA33CB982FB62574003AD49B /* Debug */ = {
			isa = XCBuildConfiguration;
			buildSettings = {
				CODE_SIGN_STYLE = Automatic;
				CURRENT_PROJECT_VERSION = 1;
				DEVELOPMENT_TEAM = 467K3HY3K6;
				GENERATE_INFOPLIST_FILE = YES;
				MARKETING_VERSION = 1.0;
				PRODUCT_BUNDLE_IDENTIFIER = input.MacOSCleanerUITests;
				PRODUCT_NAME = "$(TARGET_NAME)";
				STRING_CATALOG_GENERATE_SYMBOLS = NO;
				SWIFT_APPROACHABLE_CONCURRENCY = YES;
				SWIFT_EMIT_LOC_STRINGS = NO;
				SWIFT_UPCOMING_FEATURE_MEMBER_IMPORT_VISIBILITY = YES;
				SWIFT_VERSION = 5.0;
				TEST_TARGET_NAME = MacOSCleaner;
			};
			name = Debug;
		};
		FA33CB992FB62574003AD49B /* Release */ = {
			isa = XCBuildConfiguration;
			buildSettings = {
				CODE_SIGN_STYLE = Automatic;
				CURRENT_PROJECT_VERSION = 1;
				DEVELOPMENT_TEAM = 467K3HY3K6;
				GENERATE_INFOPLIST_FILE = YES;
				MARKETING_VERSION = 1.0;
				PRODUCT_BUNDLE_IDENTIFIER = input.MacOSCleanerUITests;
				PRODUCT_NAME = "$(TARGET_NAME)";
				STRING_CATALOG_GENERATE_SYMBOLS = NO;
				SWIFT_APPROACHABLE_CONCURRENCY = YES;
				SWIFT_EMIT_LOC_STRINGS = NO;
				SWIFT_UPCOMING_FEATURE_MEMBER_IMPORT_VISIBILITY = YES;
				SWIFT_VERSION = 5.0;
				TEST_TARGET_NAME = MacOSCleaner;
			};
			name = Release;
		};
/* End XCBuildConfiguration section */

/* Begin XCConfigurationList section */
		FA33CB6B2FB62573003AD49B /* Build configuration list for PBXProject "MacOSCleaner" */ = {
			isa = XCConfigurationList;
			buildConfigurations = (
				FA33CB8F2FB62574003AD49B /* Debug */,
				FA33CB902FB62574003AD49B /* Release */,
			);
			defaultConfigurationIsVisible = 0;
			defaultConfigurationName = Release;
		};
		FA33CB912FB62574003AD49B /* Build configuration list for PBXNativeTarget "MacOSCleaner" */ = {
			isa = XCConfigurationList;
			buildConfigurations = (
				FA33CB922FB62574003AD49B /* Debug */,
				FA33CB932FB62574003AD49B /* Release */,
			);
			defaultConfigurationIsVisible = 0;
			defaultConfigurationName = Release;
		};
		FA33CB942FB62574003AD49B /* Build configuration list for PBXNativeTarget "MacOSCleanerTests" */ = {
			isa = XCConfigurationList;
			buildConfigurations = (
				FA33CB952FB62574003AD49B /* Debug */,
				FA33CB962FB62574003AD49B /* Release */,
			);
			defaultConfigurationIsVisible = 0;
			defaultConfigurationName = Release;
		};
		FA33CB972FB62574003AD49B /* Build configuration list for PBXNativeTarget "MacOSCleanerUITests" */ = {
			isa = XCConfigurationList;
			buildConfigurations = (
				FA33CB982FB62574003AD49B /* Debug */,
				FA33CB992FB62574003AD49B /* Release */,
			);
			defaultConfigurationIsVisible = 0;
			defaultConfigurationName = Release;
		};
/* End XCConfigurationList section */
	};
	rootObject = FA33CB682FB62573003AD49B /* Project object */;
}
